// !$*UTF8*$!
{
	archiveVersion = 1;
	classes = {
	};
	objectVersion = 46;
	objects = {

/* Begin PBXBuildFile section */
		A353C3E91ADA3E89006361D1 /* AppDelegate.swift in Sources */ = {isa = PBXBuildFile; fileRef = A353C3E81ADA3E89006361D1 /* AppDelegate.swift */; };
		A353C3EB1ADA3E89006361D1 /* ViewController.swift in Sources */ = {isa = PBXBuildFile; fileRef = A353C3EA1ADA3E89006361D1 /* ViewController.swift */; };
		A353C3EE1ADA3E89006361D1 /* Main.storyboard in Resources */ = {isa = PBXBuildFile; fileRef = A353C3EC1ADA3E89006361D1 /* Main.storyboard */; };
		A353C3F01ADA3E89006361D1 /* Images.xcassets in Resources */ = {isa = PBXBuildFile; fileRef = A353C3EF1ADA3E89006361D1 /* Images.xcassets */; };
		A353C3F31ADA3E89006361D1 /* LaunchScreen.xib in Resources */ = {isa = PBXBuildFile; fileRef = A353C3F11ADA3E89006361D1 /* LaunchScreen.xib */; };
		A353C3FF1ADA3E89006361D1 /* CaculatorTests.swift in Sources */ = {isa = PBXBuildFile; fileRef = A353C3FE1ADA3E89006361D1 /* CaculatorTests.swift */; };
/* End PBXBuildFile section */

/* Begin PBXContainerItemProxy section */
		A353C3F91ADA3E89006361D1 /* PBXContainerItemProxy */ = {
			isa = PBXContainerItemProxy;
			containerPortal = A353C3DB1ADA3E89006361D1 /* Project object */;
			proxyType = 1;
			remoteGlobalIDString = A353C3E21ADA3E89006361D1;
			remoteInfo = Caculator;
		};
/* End PBXContainerItemProxy section */

/* Begin PBXFileReference section */
		A353C3E31ADA3E89006361D1 /* Caculator.app */ = {isa = PBXFileReference; explicitFileType = wrapper.application; includeInIndex = 0; path = Caculator.app; sourceTree = BUILT_PRODUCTS_DIR; };
		A353C3E71ADA3E89006361D1 /* Info.plist */ = {isa = PBXFileReference; lastKnownFileType = text.plist.xml; path = Info.plist; sourceTree = "<group>"; };
		A353C3E81ADA3E89006361D1 /* AppDelegate.swift */ = {isa = PBXFileReference; lastKnownFileType = sourcecode.swift; path = AppDelegate.swift; sourceTree = "<group>"; };
		A353C3EA1ADA3E89006361D1 /* ViewController.swift */ = {isa = PBXFileReference; lastKnownFileType = sourcecode.swift; path = ViewController.swift; sourceTree = "<group>"; };
		A353C3ED1ADA3E89006361D1 /* Base */ = {isa = PBXFileReference; lastKnownFileType = file.storyboard; name = Base; path = Base.lproj/Main.storyboard; sourceTree = "<group>"; };
		A353C3EF1ADA3E89006361D1 /* Images.xcassets */ = {isa = PBXFileReference; lastKnownFileType = folder.assetcatalog; path = Images.xcassets; sourceTree = "<group>"; };
		A353C3F21ADA3E89006361D1 /* Base */ = {isa = PBXFileReference; lastKnownFileType = file.xib; name = Base; path = Base.lproj/LaunchScreen.xib; sourceTree = "<group>"; };
		A353C3F81ADA3E89006361D1 /* CaculatorTests.xctest */ = {isa = PBXFileReference; explicitFileType = wrapper.cfbundle; includeInIndex = 0; path = CaculatorTests.xctest; sourceTree = BUILT_PRODUCTS_DIR; };
		A353C3FD1ADA3E89006361D1 /* Info.plist */ = {isa = PBXFileReference; lastKnownFileType = text.plist.xml; path = Info.plist; sourceTree = "<group>"; };
		A353C3FE1ADA3E89006361D1 /* CaculatorTests.swift */ = {isa = PBXFileReference; lastKnownFileType = sourcecode.swift; path = CaculatorTests.swift; sourceTree = "<group>"; };
/* End PBXFileReference section */

/* Begin PBXFrameworksBuildPhase section */
		A353C3E01ADA3E89006361D1 /* Frameworks */ = {
			isa = PBXFrameworksBuildPhase;
			buildActionMask = 2147483647;
			files = (
			);
			runOnlyForDeploymentPostprocessing = 0;
		};
		A353C3F51ADA3E89006361D1 /* Frameworks */ = {
			isa = PBXFrameworksBuildPhase;
			buildActionMask = 2147483647;
			files = (
			);
			runOnlyForDeploymentPostprocessing = 0;
		};
/* End PBXFrameworksBuildPhase section */

/* Begin PBXGroup section */
		A353C3DA1ADA3E89006361D1 = {
			isa = PBXGroup;
			children = (
				A353C3E51ADA3E89006361D1 /* Caculator */,
				A353C3FB1ADA3E89006361D1 /* CaculatorTests */,
				A353C3E41ADA3E89006361D1 /* Products */,
			);
			sourceTree = "<group>";
		};
		A353C3E41ADA3E89006361D1 /* Products */ = {
			isa = PBXGroup;
			children = (
				A353C3E31ADA3E89006361D1 /* Caculator.app */,
				A353C3F81ADA3E89006361D1 /* CaculatorTests.xctest */,
			);
			name = Products;
			sourceTree = "<group>";
		};
		A353C3E51ADA3E89006361D1 /* Caculator */ = {
			isa = PBXGroup;
			children = (
				A353C3E81ADA3E89006361D1 /* AppDelegate.swift */,
				A353C3EA1ADA3E89006361D1 /* ViewController.swift */,
				A353C3EC1ADA3E89006361D1 /* Main.storyboard */,
				A353C3EF1ADA3E89006361D1 /* Images.xcassets */,
				A353C3F11ADA3E89006361D1 /* LaunchScreen.xib */,
				A353C3E61ADA3E89006361D1 /* Supporting Files */,
			);
			path = Caculator;
			sourceTree = "<group>";
		};
		A353C3E61ADA3E89006361D1 /* Supporting Files */ = {
			isa = PBXGroup;
			children = (
				A353C3E71ADA3E89006361D1 /* Info.plist */,
			);
			name = "Supporting Files";
			sourceTree = "<group>";
		};
		A353C3FB1ADA3E89006361D1 /* CaculatorTests */ = {
			isa = PBXGroup;
			children = (
				A353C3FE1ADA3E89006361D1 /* CaculatorTests.swift */,
				A353C3FC1ADA3E89006361D1 /* Supporting Files */,
			);
			path = CaculatorTests;
			sourceTree = "<group>";
		};
		A353C3FC1ADA3E89006361D1 /* Supporting Files */ = {
			isa = PBXGroup;
			children = (
				A353C3FD1ADA3E89006361D1 /* Info.plist */,
			);
			name = "Supporting Files";
			sourceTree = "<group>";
		};
/* End PBXGroup section */

/* Begin PBXNativeTarget section */
		A353C3E21ADA3E89006361D1 /* Caculator */ = {
			isa = PBXNativeTarget;
			buildConfigurationList = A353C4021ADA3E89006361D1 /* Build configuration list for PBXNativeTarget "Caculator" */;
			buildPhases = (
				A353C3DF1ADA3E89006361D1 /* Sources */,
				A353C3E01ADA3E89006361D1 /* Frameworks */,
				A353C3E11ADA3E89006361D1 /* Resources */,
			);
			buildRules = (
			);
			dependencies = (
			);
			name = Caculator;
			productName = Caculator;
			productReference = A353C3E31ADA3E89006361D1 /* Caculator.app */;
			productType = "com.apple.product-type.application";
		};
		A353C3F71ADA3E89006361D1 /* CaculatorTests */ = {
			isa = PBXNativeTarget;
			buildConfigurationList = A353C4051ADA3E89006361D1 /* Build configuration list for PBXNativeTarget "CaculatorTests" */;
			buildPhases = (
				A353C3F41ADA3E89006361D1 /* Sources */,
				A353C3F51ADA3E89006361D1 /* Frameworks */,
				A353C3F61ADA3E89006361D1 /* Resources */,
			);
			buildRules = (
			);
			dependencies = (
				A353C3FA1ADA3E89006361D1 /* PBXTargetDependency */,
			);
			name = CaculatorTests;
			productName = CaculatorTests;
			productReference = A353C3F81ADA3E89006361D1 /* CaculatorTests.xctest */;
			productType = "com.apple.product-type.bundle.unit-test";
		};
/* End PBXNativeTarget section */

/* Begin PBXProject section */
		A353C3DB1ADA3E89006361D1 /* Project object */ = {
			isa = PBXProject;
			attributes = {
				LastUpgradeCheck = 0620;
				ORGANIZATIONNAME = gjwang;
				TargetAttributes = {
					A353C3E21ADA3E89006361D1 = {
						CreatedOnToolsVersion = 6.2;
					};
					A353C3F71ADA3E89006361D1 = {
						CreatedOnToolsVersion = 6.2;
						TestTargetID = A353C3E21ADA3E89006361D1;
					};
				};
			};
			buildConfigurationList = A353C3DE1ADA3E89006361D1 /* Build configuration list for PBXProject "Caculator" */;
			compatibilityVersion = "Xcode 3.2";
			developmentRegion = English;
			hasScannedForEncodings = 0;
			knownRegions = (
				en,
				Base,
			);
			mainGroup = A353C3DA1ADA3E89006361D1;
			productRefGroup = A353C3E41ADA3E89006361D1 /* Products */;
			projectDirPath = "";
			projectRoot = "";
			targets = (
				A353C3E21ADA3E89006361D1 /* Caculator */,
				A353C3F71ADA3E89006361D1 /* CaculatorTests */,
			);
		};
/* End PBXProject section */

/* Begin PBXResourcesBuildPhase section */
		A353C3E11ADA3E89006361D1 /* Resources */ = {
			isa = PBXResourcesBuildPhase;
			buildActionMask = 2147483647;
			files = (
				A353C3EE1ADA3E89006361D1 /* Main.storyboard in Resources */,
				A353C3F31ADA3E89006361D1 /* LaunchScreen.xib in Resources */,
				A353C3F01ADA3E89006361D1 /* Images.xcassets in Resources */,
			);
			runOnlyForDeploymentPostprocessing = 0;
		};
		A353C3F61ADA3E89006361D1 /* Resources */ = {
			isa = PBXResourcesBuildPhase;
			buildActionMask = 2147483647;
			files = (
			);
			runOnlyForDeploymentPostprocessing = 0;
		};
/* End PBXResourcesBuildPhase section */

/* Begin PBXSourcesBuildPhase section */
		A353C3DF1ADA3E89006361D1 /* Sources */ = {
			isa = PBXSourcesBuildPhase;
			buildActionMask = 2147483647;
			files = (
				A353C3EB1ADA3E89006361D1 /* ViewController.swift in Sources */,
				A353C3E91ADA3E89006361D1 /* AppDelegate.swift in Sources */,
			);
			runOnlyForDeploymentPostprocessing = 0;
		};
		A353C3F41ADA3E89006361D1 /* Sources */ = {
			isa = PBXSourcesBuildPhase;
			buildActionMask = 2147483647;
			files = (
				A353C3FF1ADA3E89006361D1 /* CaculatorTests.swift in Sources */,
			);
			runOnlyForDeploymentPostprocessing = 0;
		};
/* End PBXSourcesBuildPhase section */

/* Begin PBXTargetDependency section */
		A353C3FA1ADA3E89006361D1 /* PBXTargetDependency */ = {
			isa = PBXTargetDependency;
			target = A353C3E21ADA3E89006361D1 /* Caculator */;
			targetProxy = A353C3F91ADA3E89006361D1 /* PBXContainerItemProxy */;
		};
/* End PBXTargetDependency section */

/* Begin PBXVariantGroup section */
		A353C3EC1ADA3E89006361D1 /* Main.storyboard */ = {
			isa = PBXVariantGroup;
			children = (
				A353C3ED1ADA3E89006361D1 /* Base */,
			);
			name = Main.storyboard;
			sourceTree = "<group>";
		};
		A353C3F11ADA3E89006361D1 /* LaunchScreen.xib */ = {
			isa = PBXVariantGroup;
			children = (
				A353C3F21ADA3E89006361D1 /* Base */,
			);
			name = LaunchScreen.xib;
			sourceTree = "<group>";
		};
/* End PBXVariantGroup section */

/* Begin XCBuildConfiguration section */
		A353C4001ADA3E89006361D1 /* Debug */ = {
			isa = XCBuildConfiguration;
			buildSettings = {
				ALWAYS_SEARCH_USER_PATHS = NO;
				CLANG_CXX_LANGUAGE_STANDARD = "gnu++0x";
				CLANG_CXX_LIBRARY = "libc++";
				CLANG_ENABLE_MODULES = YES;
				CLANG_ENABLE_OBJC_ARC = YES;
				CLANG_WARN_BOOL_CONVERSION = YES;
				CLANG_WARN_CONSTANT_CONVERSION = YES;
				CLANG_WARN_DIRECT_OBJC_ISA_USAGE = YES_ERROR;
				CLANG_WARN_EMPTY_BODY = YES;
				CLANG_WARN_ENUM_CONVERSION = YES;
				CLANG_WARN_INT_CONVERSION = YES;
				CLANG_WARN_OBJC_ROOT_CLASS = YES_ERROR;
				CLANG_WARN_UNREACHABLE_CODE = YES;
				CLANG_WARN__DUPLICATE_METHOD_MATCH = YES;
				"CODE_SIGN_IDENTITY[sdk=iphoneos*]" = "iPhone Developer";
				COPY_PHASE_STRIP = NO;
				ENABLE_STRICT_OBJC_MSGSEND = YES;
				GCC_C_LANGUAGE_STANDARD = gnu99;
				GCC_DYNAMIC_NO_PIC = NO;
				GCC_OPTIMIZATION_LEVEL = 0;
				GCC_PREPROCESSOR_DEFINITIONS = (
					"DEBUG=1",
					"$(inherited)",
				);
				GCC_SYMBOLS_PRIVATE_EXTERN = NO;
				GCC_WARN_64_TO_32_BIT_CONVERSION = YES;
				GCC_WARN_ABOUT_RETURN_TYPE = YES_ERROR;
				GCC_WARN_UNDECLARED_SELECTOR = YES;
				GCC_WARN_UNINITIALIZED_AUTOS = YES_AGGRESSIVE;
				GCC_WARN_UNUSED_FUNCTION = YES;
				GCC_WARN_UNUSED_VARIABLE = YES;
				IPHONEOS_DEPLOYMENT_TARGET = 8.2;
				MTL_ENABLE_DEBUG_INFO = YES;
				ONLY_ACTIVE_ARCH = YES;
				SDKROOT = iphoneos;
				SWIFT_OPTIMIZATION_LEVEL = "-Onone";
				TARGETED_DEVICE_FAMILY = "1,2";
			};
			name = Debug;
		};
		A353C4011ADA3E89006361D1 /* Release */ = {
			isa = XCBuildConfiguration;
			buildSettings = {
				ALWAYS_SEARCH_USER_PATHS = NO;
				CLANG_CXX_LANGUAGE_STANDARD = "gnu++0x";
				CLANG_CXX_LIBRARY = "libc++";
				CLANG_ENABLE_MODULES = YES;
				CLANG_ENABLE_OBJC_ARC = YES;
				CLANG_WARN_BOOL_CONVERSION = YES;
				CLANG_WARN_CONSTANT_CONVERSION = YES;
				CLANG_WARN_DIRECT_OBJC_ISA_USAGE = YES_ERROR;
				CLANG_WARN_EMPTY_BODY = YES;
				CLANG_WARN_ENUM_CONVERSION = YES;
				CLANG_WARN_INT_CONVERSION = YES;
				CLANG_WARN_OBJC_ROOT_CLASS = YES_ERROR;
				CLANG_WARN_UNREACHABLE_CODE = YES;
				CLANG_WARN__DUPLICATE_METHOD_MATCH = YES;
				"CODE_SIGN_IDENTITY[sdk=iphoneos*]" = "iPhone Developer";
				COPY_PHASE_STRIP = NO;
				ENABLE_NS_ASSERTIONS = NO;
				ENABLE_STRICT_OBJC_MSGSEND = YES;
				GCC_C_LANGUAGE_STANDARD = gnu99;
				GCC_WARN_64_TO_32_BIT_CONVERSION = YES;
				GCC_WARN_ABOUT_RETURN_TYPE = YES_ERROR;
				GCC_WARN_UNDECLARED_SELECTOR = YES;
				GCC_WARN_UNINITIALIZED_AUTOS = YES_AGGRESSIVE;
				GCC_WARN_UNUSED_FUNCTION = YES;
				GCC_WARN_UNUSED_VARIABLE = YES;
				IPHONEOS_DEPLOYMENT_TARGET = 8.2;
				MTL_ENABLE_DEBUG_INFO = NO;
				SDKROOT = iphoneos;
				TARGETED_DEVICE_FAMILY = "1,2";
				VALIDATE_PRODUCT = YES;
			};
			name = Release;
		};
		A353C4031ADA3E89006361D1 /* Debug */ = {
			isa = XCBuildConfiguration;
			buildSettings = {
				ASSETCATALOG_COMPILER_APPICON_NAME = AppIcon;
				INFOPLIST_FILE = Caculator/Info.plist;
				LD_RUNPATH_SEARCH_PATHS = "$(inherited) @executable_path/Frameworks";
				PRODUCT_NAME = "$(TARGET_NAME)";
			};
			name = Debug;
		};
		A353C4041ADA3E89006361D1 /* Release */ = {
			isa = XCBuildConfiguration;
			buildSettings = {
				ASSETCATALOG_COMPILER_APPICON_NAME = AppIcon;
				INFOPLIST_FILE = Caculator/Info.plist;
				LD_RUNPATH_SEARCH_PATHS = "$(inherited) @executable_path/Frameworks";
				PRODUCT_NAME = "$(TARGET_NAME)";
			};
			name = Release;
		};
		A353C4061ADA3E89006361D1 /* Debug */ = {
			isa = XCBuildConfiguration;
			buildSettings = {
				BUNDLE_LOADER = "$(TEST_HOST)";
				FRAMEWORK_SEARCH_PATHS = (
					"$(SDKROOT)/Developer/Library/Frameworks",
					"$(inherited)",
				);
				GCC_PREPROCESSOR_DEFINITIONS = (
					"DEBUG=1",
					"$(inherited)",
				);
				INFOPLIST_FILE = CaculatorTests/Info.plist;
				LD_RUNPATH_SEARCH_PATHS = "$(inherited) @executable_path/Frameworks @loader_path/Frameworks";
				PRODUCT_NAME = "$(TARGET_NAME)";
				TEST_HOST = "$(BUILT_PRODUCTS_DIR)/Caculator.app/Caculator";
			};
			name = Debug;
		};
		A353C4071ADA3E89006361D1 /* Release */ = {
			isa = XCBuildConfiguration;
			buildSettings = {
				BUNDLE_LOADER = "$(TEST_HOST)";
				FRAMEWORK_SEARCH_PATHS = (
					"$(SDKROOT)/Developer/Library/Frameworks",
					"$(inherited)",
				);
				INFOPLIST_FILE = CaculatorTests/Info.plist;
				LD_RUNPATH_SEARCH_PATHS = "$(inherited) @executable_path/Frameworks @loader_path/Frameworks";
				PRODUCT_NAME = "$(TARGET_NAME)";
				TEST_HOST = "$(BUILT_PRODUCTS_DIR)/Caculator.app/Caculator";
			};
			name = Release;
		};
/* End XCBuildConfiguration section */

/* Begin XCConfigurationList section */
		A353C3DE1ADA3E89006361D1 /* Build configuration list for PBXProject "Caculator" */ = {
			isa = XCConfigurationList;
			buildConfigurations = (
				A353C4001ADA3E89006361D1 /* Debug */,
				A353C4011ADA3E89006361D1 /* Release */,
			);
			defaultConfigurationIsVisible = 0;
			defaultConfigurationName = Release;
		};
		A353C4021ADA3E89006361D1 /* Build configuration list for PBXNativeTarget "Caculator" */ = {
			isa = XCConfigurationList;
			buildConfigurations = (
				A353C4031ADA3E89006361D1 /* Debug */,
				A353C4041ADA3E89006361D1 /* Release */,
			);
			defaultConfigurationIsVisible = 0;
		};
		A353C4051ADA3E89006361D1 /* Build configuration list for PBXNativeTarget "CaculatorTests" */ = {
			isa = XCConfigurationList;
			buildConfigurations = (
				A353C4061ADA3E89006361D1 /* Debug */,
				A353C4071ADA3E89006361D1 /* Release */,
			);
			defaultConfigurationIsVisible = 0;
		};
/* End XCConfigurationList section */
	};
	rootObject = A353C3DB1ADA3E89006361D1 /* Project object */;
}
